<?xml version="1.0" encoding="utf-8"?>
<Project ToolsVersion="17.0" xmlns="http://schemas.microsoft.com/developer/msbuild/2003">
  <ItemGroup>
    <CustomBuild Include="F:\Study\Homework\HW3\swig-download\CMakeFiles\5ce0ba30effe89e463e1fa031cbb6e75\generate.stamp.rule">
      <Filter>CMake Rules</Filter>
    </CustomBuild>
  </ItemGroup>
  <ItemGroup>
    <Filter Include="CMake Rules">
      <UniqueIdentifier>{C20DD018-01A6-3428-9023-ECF8D1EC7274}</UniqueIdentifier>
    </Filter>
  </ItemGroup>
</Project>
