<?xml version="1.0" encoding="utf-8"?>
<Project ToolsVersion="17.0" xmlns="http://schemas.microsoft.com/developer/msbuild/2003">
  <ItemGroup>
    <CustomBuild Include="F:\Study\Homework\HW3\CMakeFiles\a5e69200909bc45d3b45f0f6f58ba360\generate.stamp.rule">
      <Filter>CMake Rules</Filter>
    </CustomBuild>
  </ItemGroup>
  <ItemGroup>
    <Filter Include="CMake Rules">
      <UniqueIdentifier>{6C1A6F44-DAB7-38D2-8535-D9AC31A529C5}</UniqueIdentifier>
    </Filter>
  </ItemGroup>
</Project>
